
Microsoft Visual Studio Solution File, Format Version 12.00
# Visual Studio Version 17
VisualStudioVersion = 17.3.32929.385
MinimumVisualStudioVersion = 10.0.40219.1
Project("{FAE04EC0-301F-11D3-BF4B-00C04F79EFBC}") = "AplikacjaBMI_RJ", "AplikacjaBMI_RJ\AplikacjaBMI_RJ.csproj", "{DB7A20F2-FAF4-4300-A3D7-8CF9535A431E}"
EndProject
Global
	GlobalSection(SolutionConfigurationPlatforms) = preSolution
		Debug|Any CPU = Debug|Any CPU
		Release|Any CPU = Release|Any CPU
	EndGlobalSection
	GlobalSection(ProjectConfigurationPlatforms) = postSolution
		{DB7A20F2-FAF4-4300-A3D7-8CF9535A431E}.Debug|Any CPU.ActiveCfg = Debug|Any CPU
		{DB7A20F2-FAF4-4300-A3D7-8CF9535A431E}.Debug|Any CPU.Build.0 = Debug|Any CPU
		{DB7A20F2-FAF4-4300-A3D7-8CF9535A431E}.Release|Any CPU.ActiveCfg = Release|Any CPU
		{DB7A20F2-FAF4-4300-A3D7-8CF9535A431E}.Release|Any CPU.Build.0 = Release|Any CPU
	EndGlobalSection
	GlobalSection(SolutionProperties) = preSolution
		HideSolutionNode = FALSE
	EndGlobalSection
	GlobalSection(ExtensibilityGlobals) = postSolution
		SolutionGuid = {5B81B20A-5337-4DD2-903E-5B45EB604614}
	EndGlobalSection
EndGlobal
